
Microsoft Visual Studio Solution File, Format Version 12.00
# Visual Studio 15
VisualStudioVersion = 15.0.27130.2027
MinimumVisualStudioVersion = 10.0.40219.1
Project("{FAE04EC0-301F-11D3-BF4B-00C04F79EFBC}") = "md.stdl", "md.stdl\md.stdl.csproj", "{6E196D88-CD18-4FD8-9FE6-F0566358C446}"
EndProject
Project("{FAE04EC0-301F-11D3-BF4B-00C04F79EFBC}") = "md.stdl.Tests", "md.stdl.Tests\md.stdl.Tests.csproj", "{DE31B0F1-3E83-4C15-890F-8A5177B5DFF7}"
EndProject
Project("{2150E333-8FDC-42A3-9474-1A3956D46DE8}") = "ManualTests", "ManualTests", "{BEF9B741-BC63-42D0-9B8B-C52202B2EEC2}"
EndProject
Project("{FAE04EC0-301F-11D3-BF4B-00C04F79EFBC}") = "md.stdl.MouseKeyboardTest", "ManualTests\md.stdl.MouseKeyboardTest\md.stdl.MouseKeyboardTest.csproj", "{BA0FBA91-8F08-49A3-BD86-3B12DA42A602}"
EndProject
Project("{8BC9CEB8-8B4A-11D0-8D11-00A0C91BC942}") = "md.stdl.Native", "md.stdl.Native\md.stdl.Native.vcxproj", "{F1F8255D-E93E-4CD1-95A2-115DF56AFED4}"
EndProject
Project("{FAE04EC0-301F-11D3-BF4B-00C04F79EFBC}") = "md.stdl.DelayTest", "md.stdl.DelayTest\md.stdl.DelayTest.csproj", "{31CB0E12-C26D-4648-ACF7-A156687D86CA}"
EndProject
Global
	GlobalSection(SolutionConfigurationPlatforms) = preSolution
		Debug|Any CPU = Debug|Any CPU
		Debug|x64 = Debug|x64
		Debug|x86 = Debug|x86
		Release|Any CPU = Release|Any CPU
		Release|x64 = Release|x64
		Release|x86 = Release|x86
	EndGlobalSection
	GlobalSection(ProjectConfigurationPlatforms) = postSolution
		{6E196D88-CD18-4FD8-9FE6-F0566358C446}.Debug|Any CPU.ActiveCfg = Debug|Any CPU
		{6E196D88-CD18-4FD8-9FE6-F0566358C446}.Debug|Any CPU.Build.0 = Debug|Any CPU
		{6E196D88-CD18-4FD8-9FE6-F0566358C446}.Debug|x64.ActiveCfg = Debug|x64
		{6E196D88-CD18-4FD8-9FE6-F0566358C446}.Debug|x64.Build.0 = Debug|x64
		{6E196D88-CD18-4FD8-9FE6-F0566358C446}.Debug|x86.ActiveCfg = Debug|x86
		{6E196D88-CD18-4FD8-9FE6-F0566358C446}.Debug|x86.Build.0 = Debug|x86
		{6E196D88-CD18-4FD8-9FE6-F0566358C446}.Release|Any CPU.ActiveCfg = Release|Any CPU
		{6E196D88-CD18-4FD8-9FE6-F0566358C446}.Release|Any CPU.Build.0 = Release|Any CPU
		{6E196D88-CD18-4FD8-9FE6-F0566358C446}.Release|x64.ActiveCfg = Release|Any CPU
		{6E196D88-CD18-4FD8-9FE6-F0566358C446}.Release|x64.Build.0 = Release|Any CPU
		{6E196D88-CD18-4FD8-9FE6-F0566358C446}.Release|x86.ActiveCfg = Release|Any CPU
		{6E196D88-CD18-4FD8-9FE6-F0566358C446}.Release|x86.Build.0 = Release|Any CPU
		{DE31B0F1-3E83-4C15-890F-8A5177B5DFF7}.Debug|Any CPU.ActiveCfg = Debug|Any CPU
		{DE31B0F1-3E83-4C15-890F-8A5177B5DFF7}.Debug|Any CPU.Build.0 = Debug|Any CPU
		{DE31B0F1-3E83-4C15-890F-8A5177B5DFF7}.Debug|x64.ActiveCfg = Debug|x64
		{DE31B0F1-3E83-4C15-890F-8A5177B5DFF7}.Debug|x64.Build.0 = Debug|x64
		{DE31B0F1-3E83-4C15-890F-8A5177B5DFF7}.Debug|x86.ActiveCfg = Debug|x86
		{DE31B0F1-3E83-4C15-890F-8A5177B5DFF7}.Debug|x86.Build.0 = Debug|x86
		{DE31B0F1-3E83-4C15-890F-8A5177B5DFF7}.Release|Any CPU.ActiveCfg = Release|Any CPU
		{DE31B0F1-3E83-4C15-890F-8A5177B5DFF7}.Release|Any CPU.Build.0 = Release|Any CPU
		{DE31B0F1-3E83-4C15-890F-8A5177B5DFF7}.Release|x64.ActiveCfg = Release|Any CPU
		{DE31B0F1-3E83-4C15-890F-8A5177B5DFF7}.Release|x64.Build.0 = Release|Any CPU
		{DE31B0F1-3E83-4C15-890F-8A5177B5DFF7}.Release|x86.ActiveCfg = Release|Any CPU
		{DE31B0F1-3E83-4C15-890F-8A5177B5DFF7}.Release|x86.Build.0 = Release|Any CPU
		{BA0FBA91-8F08-49A3-BD86-3B12DA42A602}.Debug|Any CPU.ActiveCfg = Debug|Any CPU
		{BA0FBA91-8F08-49A3-BD86-3B12DA42A602}.Debug|Any CPU.Build.0 = Debug|Any CPU
		{BA0FBA91-8F08-49A3-BD86-3B12DA42A602}.Debug|x64.ActiveCfg = Debug|x64
		{BA0FBA91-8F08-49A3-BD86-3B12DA42A602}.Debug|x64.Build.0 = Debug|x64
		{BA0FBA91-8F08-49A3-BD86-3B12DA42A602}.Debug|x86.ActiveCfg = Debug|x86
		{BA0FBA91-8F08-49A3-BD86-3B12DA42A602}.Debug|x86.Build.0 = Debug|x86
		{BA0FBA91-8F08-49A3-BD86-3B12DA42A602}.Release|Any CPU.ActiveCfg = Release|Any CPU
		{BA0FBA91-8F08-49A3-BD86-3B12DA42A602}.Release|Any CPU.Build.0 = Release|Any CPU
		{BA0FBA91-8F08-49A3-BD86-3B12DA42A602}.Release|x64.ActiveCfg = Release|Any CPU
		{BA0FBA91-8F08-49A3-BD86-3B12DA42A602}.Release|x64.Build.0 = Release|Any CPU
		{BA0FBA91-8F08-49A3-BD86-3B12DA42A602}.Release|x86.ActiveCfg = Release|Any CPU
		{BA0FBA91-8F08-49A3-BD86-3B12DA42A602}.Release|x86.Build.0 = Release|Any CPU
		{F1F8255D-E93E-4CD1-95A2-115DF56AFED4}.Debug|Any CPU.ActiveCfg = Debug|Win32
		{F1F8255D-E93E-4CD1-95A2-115DF56AFED4}.Debug|x64.ActiveCfg = Debug|x64
		{F1F8255D-E93E-4CD1-95A2-115DF56AFED4}.Debug|x64.Build.0 = Debug|x64
		{F1F8255D-E93E-4CD1-95A2-115DF56AFED4}.Debug|x86.ActiveCfg = Debug|Win32
		{F1F8255D-E93E-4CD1-95A2-115DF56AFED4}.Debug|x86.Build.0 = Debug|Win32
		{F1F8255D-E93E-4CD1-95A2-115DF56AFED4}.Release|Any CPU.ActiveCfg = Release|Win32
		{F1F8255D-E93E-4CD1-95A2-115DF56AFED4}.Release|Any CPU.Build.0 = Release|Win32
		{F1F8255D-E93E-4CD1-95A2-115DF56AFED4}.Release|x64.ActiveCfg = Release|x64
		{F1F8255D-E93E-4CD1-95A2-115DF56AFED4}.Release|x64.Build.0 = Release|x64
		{F1F8255D-E93E-4CD1-95A2-115DF56AFED4}.Release|x86.ActiveCfg = Release|Win32
		{F1F8255D-E93E-4CD1-95A2-115DF56AFED4}.Release|x86.Build.0 = Release|Win32
		{31CB0E12-C26D-4648-ACF7-A156687D86CA}.Debug|Any CPU.ActiveCfg = Debug|Any CPU
		{31CB0E12-C26D-4648-ACF7-A156687D86CA}.Debug|Any CPU.Build.0 = Debug|Any CPU
		{31CB0E12-C26D-4648-ACF7-A156687D86CA}.Debug|x64.ActiveCfg = Debug|Any CPU
		{31CB0E12-C26D-4648-ACF7-A156687D86CA}.Debug|x64.Build.0 = Debug|Any CPU
		{31CB0E12-C26D-4648-ACF7-A156687D86CA}.Debug|x86.ActiveCfg = Debug|Any CPU
		{31CB0E12-C26D-4648-ACF7-A156687D86CA}.Debug|x86.Build.0 = Debug|Any CPU
		{31CB0E12-C26D-4648-ACF7-A156687D86CA}.Release|Any CPU.ActiveCfg = Release|Any CPU
		{31CB0E12-C26D-4648-ACF7-A156687D86CA}.Release|Any CPU.Build.0 = Release|Any CPU
		{31CB0E12-C26D-4648-ACF7-A156687D86CA}.Release|x64.ActiveCfg = Release|Any CPU
		{31CB0E12-C26D-4648-ACF7-A156687D86CA}.Release|x64.Build.0 = Release|Any CPU
		{31CB0E12-C26D-4648-ACF7-A156687D86CA}.Release|x86.ActiveCfg = Release|Any CPU
		{31CB0E12-C26D-4648-ACF7-A156687D86CA}.Release|x86.Build.0 = Release|Any CPU
	EndGlobalSection
	GlobalSection(SolutionProperties) = preSolution
		HideSolutionNode = FALSE
	EndGlobalSection
	GlobalSection(NestedProjects) = preSolution
		{BA0FBA91-8F08-49A3-BD86-3B12DA42A602} = {BEF9B741-BC63-42D0-9B8B-C52202B2EEC2}
		{31CB0E12-C26D-4648-ACF7-A156687D86CA} = {BEF9B741-BC63-42D0-9B8B-C52202B2EEC2}
	EndGlobalSection
	GlobalSection(ExtensibilityGlobals) = postSolution
		SolutionGuid = {091A7DFC-5660-4DCE-9E5B-95D69E0FC3B7}
	EndGlobalSection
EndGlobal
